// !$*UTF8*$!
{
	archiveVersion = 1;
	classes = {
	};
	objectVersion = 51;
	objects = {

/* Begin PBXBuildFile section */
		2D8F2C218EF64C87FC7BE304 /* Pods_BrainKit.framework in Frameworks */ = {isa = PBXBuildFile; fileRef = DA0907D058D36382866F15A0 /* Pods_BrainKit.framework */; };
		7C108C0507DA879AB00C2134 /* Pods_UnitTests.framework in Frameworks */ = {isa = PBXBuildFile; fileRef = 1F7E28273E243E72E02DD205 /* Pods_UnitTests.framework */; };
		EE050DB7243F087D00CB691D /* StoryboardInstantiable.swift in Sources */ = {isa = PBXBuildFile; fileRef = EE050DB6243F087D00CB691D /* StoryboardInstantiable.swift */; };
		EE050DB9243F08DA00CB691D /* StoryboardInstantiable.swift in Sources */ = {isa = PBXBuildFile; fileRef = EE050DB8243F08DA00CB691D /* StoryboardInstantiable.swift */; };
		EE050DBB243F091500CB691D /* StoryboardViewController.swift in Sources */ = {isa = PBXBuildFile; fileRef = EE050DBA243F091500CB691D /* StoryboardViewController.swift */; };
		EE050DBD243F093D00CB691D /* StoryboardViewController.storyboard in Resources */ = {isa = PBXBuildFile; fileRef = EE050DBC243F093D00CB691D /* StoryboardViewController.storyboard */; };
		EE050DC3243F1F6100CB691D /* HelloWorld.plist in Resources */ = {isa = PBXBuildFile; fileRef = EE050DC2243F1F6100CB691D /* HelloWorld.plist */; };
		EE0A95372456C749008E3AD6 /* String+Foundation.swift in Sources */ = {isa = PBXBuildFile; fileRef = EE0A95362456C749008E3AD6 /* String+Foundation.swift */; };
		EE0A953A2456D3F0008E3AD6 /* Bundle+SwiftyJSON.swift in Sources */ = {isa = PBXBuildFile; fileRef = EE0A95392456D3F0008E3AD6 /* Bundle+SwiftyJSON.swift */; };
		EE0A953C2456DBC1008E3AD6 /* HelloWorld.json in Resources */ = {isa = PBXBuildFile; fileRef = EE0A953B2456DBC1008E3AD6 /* HelloWorld.json */; };
		EE24343224A49A4E008B061D /* FloatingPoint+Foundation.swift in Sources */ = {isa = PBXBuildFile; fileRef = EE24343124A49A4E008B061D /* FloatingPoint+Foundation.swift */; };
		EE24343424A49B23008B061D /* FloatingPointExtensionsTests.swift in Sources */ = {isa = PBXBuildFile; fileRef = EE24343324A49B23008B061D /* FloatingPointExtensionsTests.swift */; };
		EE2549A5243CBBC800008607 /* NSLayoutConstraint+UIKit.swift in Sources */ = {isa = PBXBuildFile; fileRef = EE2549A4243CBBC800008607 /* NSLayoutConstraint+UIKit.swift */; };
		EE3103B5247531FE007A817F /* UIViewExtensionsTests.swift in Sources */ = {isa = PBXBuildFile; fileRef = EE3103B4247531FE007A817F /* UIViewExtensionsTests.swift */; };
		EE3103D724771AF8007A817F /* UIAlertController+UIKit.swift in Sources */ = {isa = PBXBuildFile; fileRef = EE3103D624771AF8007A817F /* UIAlertController+UIKit.swift */; };
		EE35F9D423F1985800F63697 /* BrainKit.framework in Frameworks */ = {isa = PBXBuildFile; fileRef = EE35F9BB23F1978700F63697 /* BrainKit.framework */; };
		EE35F9DC23F1993A00F63697 /* String+UIKit.swift in Sources */ = {isa = PBXBuildFile; fileRef = EE35F9DB23F1993A00F63697 /* String+UIKit.swift */; };
		EE35F9DE23F1999000F63697 /* Data+Foundation.swift in Sources */ = {isa = PBXBuildFile; fileRef = EE35F9DD23F1999000F63697 /* Data+Foundation.swift */; };
		EE35F9E023F19E0200F63697 /* StringExtensionsTests.swift in Sources */ = {isa = PBXBuildFile; fileRef = EE35F9DF23F19E0200F63697 /* StringExtensionsTests.swift */; };
		EE35F9E223F1A02000F63697 /* URL+Foundation.swift in Sources */ = {isa = PBXBuildFile; fileRef = EE35F9E123F1A02000F63697 /* URL+Foundation.swift */; };
		EE35F9E423F1A04D00F63697 /* URLExtensionsTests.swift in Sources */ = {isa = PBXBuildFile; fileRef = EE35F9E323F1A04D00F63697 /* URLExtensionsTests.swift */; };
		EE35F9EC23F1B8D300F63697 /* UserDefaults+Foundation.swift in Sources */ = {isa = PBXBuildFile; fileRef = EE35F9EB23F1B8D300F63697 /* UserDefaults+Foundation.swift */; };
		EE35F9EE23F1B90B00F63697 /* UserDefaultsExtensionsTests.swift in Sources */ = {isa = PBXBuildFile; fileRef = EE35F9ED23F1B90B00F63697 /* UserDefaultsExtensionsTests.swift */; };
		EE3949F9262EFA5D00248433 /* JSON+SwiftyJSON.swift in Sources */ = {isa = PBXBuildFile; fileRef = EE3949F8262EFA5D00248433 /* JSON+SwiftyJSON.swift */; };
		EE3949FD262EFB0C00248433 /* JSONTests.swift in Sources */ = {isa = PBXBuildFile; fileRef = EE3949FC262EFB0C00248433 /* JSONTests.swift */; };
		EE39CED026C11B860018C39D /* OrderableManagedObject.swift in Sources */ = {isa = PBXBuildFile; fileRef = EE39CECF26C11B860018C39D /* OrderableManagedObject.swift */; };
		EE39CED226C11B960018C39D /* NSManagedObjectContext+CoreData.swift in Sources */ = {isa = PBXBuildFile; fileRef = EE0A953E2456EF90008E3AD6 /* NSManagedObjectContext+CoreData.swift */; };
		EE39CED426C11BC60018C39D /* IdentifiableManagedObject.swift in Sources */ = {isa = PBXBuildFile; fileRef = EE39CED326C11BC60018C39D /* IdentifiableManagedObject.swift */; };
		EE39CED826C11C420018C39D /* Set+CoreData.swift in Sources */ = {isa = PBXBuildFile; fileRef = EE39CED726C11C420018C39D /* Set+CoreData.swift */; };
		EE39CEDB26C11C740018C39D /* OrderableSetTests.swift in Sources */ = {isa = PBXBuildFile; fileRef = EE39CEDA26C11C740018C39D /* OrderableSetTests.swift */; };
		EE39CEDD26C11CB10018C39D /* TestCoreDataTestCase.swift in Sources */ = {isa = PBXBuildFile; fileRef = EE39CEDC26C11CB10018C39D /* TestCoreDataTestCase.swift */; };
		EE39CEDF26C11D0F0018C39D /* CoreDataContainer.swift in Sources */ = {isa = PBXBuildFile; fileRef = EE39CEDE26C11D0F0018C39D /* CoreDataContainer.swift */; };
		EE39CEE126C11D5F0018C39D /* TestingEntity.swift in Sources */ = {isa = PBXBuildFile; fileRef = EE39CEE026C11D5F0018C39D /* TestingEntity.swift */; };
		EE39CEE226C11D9F0018C39D /* UIViewController+SafariServices.swift in Sources */ = {isa = PBXBuildFile; fileRef = EE3103C5247673F1007A817F /* UIViewController+SafariServices.swift */; };
		EE39CEE426C11F020018C39D /* XCTestCase+ext.swift in Sources */ = {isa = PBXBuildFile; fileRef = EE39CEE326C11F020018C39D /* XCTestCase+ext.swift */; };
		EE39CEE726C11F4F0018C39D /* Testing.xcdatamodeld in Sources */ = {isa = PBXBuildFile; fileRef = EE39CEE526C11F4E0018C39D /* Testing.xcdatamodeld */; };
		EE39CEE926C11F870018C39D /* CoreDataContainerTests.swift in Sources */ = {isa = PBXBuildFile; fileRef = EE39CEE826C11F870018C39D /* CoreDataContainerTests.swift */; };
		EE39CEF326C122230018C39D /* ObjectManager.swift in Sources */ = {isa = PBXBuildFile; fileRef = EE39CEF226C122230018C39D /* ObjectManager.swift */; };
		EE39CEF526C122830018C39D /* NSManagedObject+CoreData.swift in Sources */ = {isa = PBXBuildFile; fileRef = EE39CEF426C122830018C39D /* NSManagedObject+CoreData.swift */; };
		EE39CEF726C122F90018C39D /* ObjectManagerTests.swift in Sources */ = {isa = PBXBuildFile; fileRef = EE39CEF626C122F90018C39D /* ObjectManagerTests.swift */; };
		EE39CEFF26C151EC0018C39D /* JSONUpdatable.swift in Sources */ = {isa = PBXBuildFile; fileRef = EE39CEFD26C151430018C39D /* JSONUpdatable.swift */; };
		EE5CD94B2405561E002C53E9 /* ArrayExtensionsTests.swift in Sources */ = {isa = PBXBuildFile; fileRef = EE5CD94A2405561E002C53E9 /* ArrayExtensionsTests.swift */; };
		EE5CD94D24067E6C002C53E9 /* Array+Foundation.swift in Sources */ = {isa = PBXBuildFile; fileRef = EE5CD94C24067E6B002C53E9 /* Array+Foundation.swift */; };
		EE5CD94F240FF4DE002C53E9 /* Sequence+Foundation.swift in Sources */ = {isa = PBXBuildFile; fileRef = EE5CD94E240FF4DE002C53E9 /* Sequence+Foundation.swift */; };
		EE5CD951240FF522002C53E9 /* SequenceExtensionsTests.swift in Sources */ = {isa = PBXBuildFile; fileRef = EE5CD950240FF522002C53E9 /* SequenceExtensionsTests.swift */; };
		EE5CD96F24112BC4002C53E9 /* DictionaryExtensionsTests.swift in Sources */ = {isa = PBXBuildFile; fileRef = EE5CD96E24112BC4002C53E9 /* DictionaryExtensionsTests.swift */; };
		EE663A6824BC3EDF00366C27 /* Functions.swift in Sources */ = {isa = PBXBuildFile; fileRef = EE663A6724BC3EDF00366C27 /* Functions.swift */; };
		EE663A6A24BC3EEE00366C27 /* Bool+Foundation.swift in Sources */ = {isa = PBXBuildFile; fileRef = EE663A6924BC3EEE00366C27 /* Bool+Foundation.swift */; };
		EE728F36265508C20072588F /* RunOnce.swift in Sources */ = {isa = PBXBuildFile; fileRef = EE728F35265508C20072588F /* RunOnce.swift */; };
		EE728F3B265511B60072588F /* UITableViewController+UIKit.swift in Sources */ = {isa = PBXBuildFile; fileRef = EE728F3A265511B60072588F /* UITableViewController+UIKit.swift */; };
		EE8138E923FED60B005CE46D /* Collection+Foundation.swift in Sources */ = {isa = PBXBuildFile; fileRef = EE8138E823FED60B005CE46D /* Collection+Foundation.swift */; };
		EE8138EB23FED667005CE46D /* CollectionExtensionsTests.swift in Sources */ = {isa = PBXBuildFile; fileRef = EE8138EA23FED667005CE46D /* CollectionExtensionsTests.swift */; };
		EE8138ED23FEDA8A005CE46D /* Bundle+Foundation.swift in Sources */ = {isa = PBXBuildFile; fileRef = EE8138EC23FEDA8A005CE46D /* Bundle+Foundation.swift */; };
		EE8138EF23FEE3E0005CE46D /* BundleExtensionsTests.swift in Sources */ = {isa = PBXBuildFile; fileRef = EE8138EE23FEE3E0005CE46D /* BundleExtensionsTests.swift */; };
		EE8138F223FEE41B005CE46D /* HelloWorld.txt in Resources */ = {isa = PBXBuildFile; fileRef = EE8138F123FEE41B005CE46D /* HelloWorld.txt */; };
		EE8138F423FFDEE6005CE46D /* File.bin in Resources */ = {isa = PBXBuildFile; fileRef = EE8138F323FFDEE6005CE46D /* File.bin */; };
		EE8138F724003AB8005CE46D /* TestableFatals.swift in Sources */ = {isa = PBXBuildFile; fileRef = EE8138F624003AB8005CE46D /* TestableFatals.swift */; };
		EE8138FA24003B89005CE46D /* XCTestCase+Fatals.swift in Sources */ = {isa = PBXBuildFile; fileRef = EE8138F924003B89005CE46D /* XCTestCase+Fatals.swift */; };
		EE8138FC240054A7005CE46D /* Double+Foundation.swift in Sources */ = {isa = PBXBuildFile; fileRef = EE8138FB240054A7005CE46D /* Double+Foundation.swift */; };
		EE8138FE240054BE005CE46D /* DoubleExtensionsTests.swift in Sources */ = {isa = PBXBuildFile; fileRef = EE8138FD240054BE005CE46D /* DoubleExtensionsTests.swift */; };
		EE81390024010BF2005CE46D /* UIColor+UIKit.swift in Sources */ = {isa = PBXBuildFile; fileRef = EE8138FF24010BF2005CE46D /* UIColor+UIKit.swift */; };
		EE81390224010D03005CE46D /* UIColorExtensionsTests.swift in Sources */ = {isa = PBXBuildFile; fileRef = EE81390124010D03005CE46D /* UIColorExtensionsTests.swift */; };
		EE81390424013B50005CE46D /* Dictionary+Foundation.swift in Sources */ = {isa = PBXBuildFile; fileRef = EE81390324013B50005CE46D /* Dictionary+Foundation.swift */; };
		EE8BD9BF243763DF00957FAD /* UIView+UIKit.swift in Sources */ = {isa = PBXBuildFile; fileRef = EE8BD9BE243763DF00957FAD /* UIView+UIKit.swift */; };
		EE8BD9C12437663F00957FAD /* UIFont+UIKit.swift in Sources */ = {isa = PBXBuildFile; fileRef = EE8BD9C02437663F00957FAD /* UIFont+UIKit.swift */; };
		EE8E6F7E2437870400E01821 /* CGFloat+UIKit.swift in Sources */ = {isa = PBXBuildFile; fileRef = EE8E6F7D2437870400E01821 /* CGFloat+UIKit.swift */; };
		EE9F211F247FE309000C3120 /* NSOrderedSet+Foundation.swift in Sources */ = {isa = PBXBuildFile; fileRef = EE9F211E247FE309000C3120 /* NSOrderedSet+Foundation.swift */; };
		EE9F2121247FE339000C3120 /* NSOrderedSetTests.swift in Sources */ = {isa = PBXBuildFile; fileRef = EE9F2120247FE339000C3120 /* NSOrderedSetTests.swift */; };
		EE9F2123247FE765000C3120 /* UIWindow+UIKit.swift in Sources */ = {isa = PBXBuildFile; fileRef = EE9F2122247FE765000C3120 /* UIWindow+UIKit.swift */; };
		EE9F212524810FB3000C3120 /* Optional+Foundation.swift in Sources */ = {isa = PBXBuildFile; fileRef = EE9F212424810FB3000C3120 /* Optional+Foundation.swift */; };
		EE9F21272481100D000C3120 /* OptionalExtensionsTests.swift in Sources */ = {isa = PBXBuildFile; fileRef = EE9F21262481100D000C3120 /* OptionalExtensionsTests.swift */; };
		EEA016ED2461A8240053A9C2 /* DiskStorage.swift in Sources */ = {isa = PBXBuildFile; fileRef = EEA016EC2461A8240053A9C2 /* DiskStorage.swift */; };
		EEA016EF2461A8A90053A9C2 /* DiskStorageTests.swift in Sources */ = {isa = PBXBuildFile; fileRef = EEA016EE2461A8A90053A9C2 /* DiskStorageTests.swift */; };
		EEA016F12462B1120053A9C2 /* MemCache.swift in Sources */ = {isa = PBXBuildFile; fileRef = EEA016F02462B1120053A9C2 /* MemCache.swift */; };
		EEA016F32462B2880053A9C2 /* MemCacheTests.swift in Sources */ = {isa = PBXBuildFile; fileRef = EEA016F22462B2880053A9C2 /* MemCacheTests.swift */; };
		EEAEAF82245969FB009FC6E7 /* APIDateFormatter.swift in Sources */ = {isa = PBXBuildFile; fileRef = EEAEAF81245969FB009FC6E7 /* APIDateFormatter.swift */; };
		EEAEAF8D2459DF64009FC6E7 /* Date+Foundation.swift in Sources */ = {isa = PBXBuildFile; fileRef = EEAEAF8C2459DF64009FC6E7 /* Date+Foundation.swift */; };
		EEAEAF90245AA604009FC6E7 /* DateTests.swift in Sources */ = {isa = PBXBuildFile; fileRef = EEAEAF8E245AA600009FC6E7 /* DateTests.swift */; };
		EEAEAF92245AA6A6009FC6E7 /* APIDateFormatterTests.swift in Sources */ = {isa = PBXBuildFile; fileRef = EEAEAF91245AA6A6009FC6E7 /* APIDateFormatterTests.swift */; };
		EEB5CBA82678879600473A3B /* UIScreen+UIKit.swift in Sources */ = {isa = PBXBuildFile; fileRef = EEB5CBA72678879600473A3B /* UIScreen+UIKit.swift */; };
		EEB7E76A2460806000C2E1F3 /* UIImage+AVFoundation.swift in Sources */ = {isa = PBXBuildFile; fileRef = EEB7E7692460806000C2E1F3 /* UIImage+AVFoundation.swift */; };
		EEB7E76D2460833F00C2E1F3 /* UIImage+UIKit.swift in Sources */ = {isa = PBXBuildFile; fileRef = EEB7E76C2460833F00C2E1F3 /* UIImage+UIKit.swift */; };
		EEB7E76F2460867700C2E1F3 /* FileManager+Foundation.swift in Sources */ = {isa = PBXBuildFile; fileRef = EEB7E76E2460867700C2E1F3 /* FileManager+Foundation.swift */; };
		EEC01D6D24DC4A4600318B46 /* UILabel+UIKit.swift in Sources */ = {isa = PBXBuildFile; fileRef = EEC01D6C24DC4A4600318B46 /* UILabel+UIKit.swift */; };
		EEC01D6F24DC4B9700318B46 /* UIStackView+UIKit.swift in Sources */ = {isa = PBXBuildFile; fileRef = EEC01D6E24DC4B9700318B46 /* UIStackView+UIKit.swift */; };
		EEC01D7124DC4C5600318B46 /* UIScrollView+UIKit.swift in Sources */ = {isa = PBXBuildFile; fileRef = EEC01D7024DC4C5600318B46 /* UIScrollView+UIKit.swift */; };
		EEC8E7CF25E3B34B0021094C /* Constraint+SnapKit.swift in Sources */ = {isa = PBXBuildFile; fileRef = EEC8E7CE25E3B34A0021094C /* Constraint+SnapKit.swift */; };
		EED543AF2620664000CD807E /* UIViewController+UIKit.swift in Sources */ = {isa = PBXBuildFile; fileRef = EED543AE2620664000CD807E /* UIViewController+UIKit.swift */; };
		EED543B9262067FA00CD807E /* UINavigationBar+ext.swift in Sources */ = {isa = PBXBuildFile; fileRef = EED543B8262067FA00CD807E /* UINavigationBar+ext.swift */; };
		EED785612489374E009960EE /* NSLocale+UIKit.swift in Sources */ = {isa = PBXBuildFile; fileRef = EED785602489374E009960EE /* NSLocale+UIKit.swift */; };
		EEDEF33D250F9C0F00588359 /* PriceFormatter.swift in Sources */ = {isa = PBXBuildFile; fileRef = EEDEF33C250F9C0F00588359 /* PriceFormatter.swift */; };
		EEE3CEDB248F8DD300983BE5 /* PDFCreator.swift in Sources */ = {isa = PBXBuildFile; fileRef = EEE3CEDA248F8DD300983BE5 /* PDFCreator.swift */; };
		EEFA403726441EA2006F61FC /* UIApplication+UIKit.swift in Sources */ = {isa = PBXBuildFile; fileRef = EEFA403626441EA2006F61FC /* UIApplication+UIKit.swift */; };
/* End PBXBuildFile section */

/* Begin PBXContainerItemProxy section */
		EE35F9D523F1985800F63697 /* PBXContainerItemProxy */ = {
			isa = PBXContainerItemProxy;
			containerPortal = EE35F9B223F1978700F63697 /* Project object */;
			proxyType = 1;
			remoteGlobalIDString = EE35F9BA23F1978700F63697;
			remoteInfo = BrainKit;
		};
/* End PBXContainerItemProxy section */

/* Begin PBXFileReference section */
		1F7E28273E243E72E02DD205 /* Pods_UnitTests.framework */ = {isa = PBXFileReference; explicitFileType = wrapper.framework; includeInIndex = 0; path = Pods_UnitTests.framework; sourceTree = BUILT_PRODUCTS_DIR; };
		2E6E47E60C56F8BA46285F8F /* Pods-UnitTests.release.xcconfig */ = {isa = PBXFileReference; includeInIndex = 1; lastKnownFileType = text.xcconfig; name = "Pods-UnitTests.release.xcconfig"; path = "Target Support Files/Pods-UnitTests/Pods-UnitTests.release.xcconfig"; sourceTree = "<group>"; };
		6AE3150D427AF57E61C09FA0 /* Pods-BrainKit.release.xcconfig */ = {isa = PBXFileReference; includeInIndex = 1; lastKnownFileType = text.xcconfig; name = "Pods-BrainKit.release.xcconfig"; path = "Target Support Files/Pods-BrainKit/Pods-BrainKit.release.xcconfig"; sourceTree = "<group>"; };
		B3EE8B64D519164C09623735 /* Pods-UnitTests.debug.xcconfig */ = {isa = PBXFileReference; includeInIndex = 1; lastKnownFileType = text.xcconfig; name = "Pods-UnitTests.debug.xcconfig"; path = "Target Support Files/Pods-UnitTests/Pods-UnitTests.debug.xcconfig"; sourceTree = "<group>"; };
		BF59B91606D1C562F3848BAA /* Pods-BrainKit.debug.xcconfig */ = {isa = PBXFileReference; includeInIndex = 1; lastKnownFileType = text.xcconfig; name = "Pods-BrainKit.debug.xcconfig"; path = "Target Support Files/Pods-BrainKit/Pods-BrainKit.debug.xcconfig"; sourceTree = "<group>"; };
		DA0907D058D36382866F15A0 /* Pods_BrainKit.framework */ = {isa = PBXFileReference; explicitFileType = wrapper.framework; includeInIndex = 0; path = Pods_BrainKit.framework; sourceTree = BUILT_PRODUCTS_DIR; };
		EE050DB6243F087D00CB691D /* StoryboardInstantiable.swift */ = {isa = PBXFileReference; fileEncoding = 4; lastKnownFileType = sourcecode.swift; path = StoryboardInstantiable.swift; sourceTree = "<group>"; };
		EE050DB8243F08DA00CB691D /* StoryboardInstantiable.swift */ = {isa = PBXFileReference; lastKnownFileType = sourcecode.swift; path = StoryboardInstantiable.swift; sourceTree = "<group>"; };
		EE050DBA243F091500CB691D /* StoryboardViewController.swift */ = {isa = PBXFileReference; lastKnownFileType = sourcecode.swift; path = StoryboardViewController.swift; sourceTree = "<group>"; };
		EE050DBC243F093D00CB691D /* StoryboardViewController.storyboard */ = {isa = PBXFileReference; lastKnownFileType = file.storyboard; path = StoryboardViewController.storyboard; sourceTree = "<group>"; };
		EE050DC2243F1F6100CB691D /* HelloWorld.plist */ = {isa = PBXFileReference; fileEncoding = 4; lastKnownFileType = text.plist.xml; path = HelloWorld.plist; sourceTree = "<group>"; };
		EE0A95362456C749008E3AD6 /* String+Foundation.swift */ = {isa = PBXFileReference; fileEncoding = 4; lastKnownFileType = sourcecode.swift; path = "String+Foundation.swift"; sourceTree = "<group>"; };
		EE0A95392456D3F0008E3AD6 /* Bundle+SwiftyJSON.swift */ = {isa = PBXFileReference; lastKnownFileType = sourcecode.swift; path = "Bundle+SwiftyJSON.swift"; sourceTree = "<group>"; };
		EE0A953B2456DBC1008E3AD6 /* HelloWorld.json */ = {isa = PBXFileReference; fileEncoding = 4; lastKnownFileType = text.json; path = HelloWorld.json; sourceTree = "<group>"; };
		EE0A953E2456EF90008E3AD6 /* NSManagedObjectContext+CoreData.swift */ = {isa = PBXFileReference; lastKnownFileType = sourcecode.swift; path = "NSManagedObjectContext+CoreData.swift"; sourceTree = "<group>"; };
		EE24343124A49A4E008B061D /* FloatingPoint+Foundation.swift */ = {isa = PBXFileReference; lastKnownFileType = sourcecode.swift; path = "FloatingPoint+Foundation.swift"; sourceTree = "<group>"; };
		EE24343324A49B23008B061D /* FloatingPointExtensionsTests.swift */ = {isa = PBXFileReference; lastKnownFileType = sourcecode.swift; path = FloatingPointExtensionsTests.swift; sourceTree = "<group>"; };
		EE2549A4243CBBC800008607 /* NSLayoutConstraint+UIKit.swift */ = {isa = PBXFileReference; lastKnownFileType = sourcecode.swift; path = "NSLayoutConstraint+UIKit.swift"; sourceTree = "<group>"; };
		EE3103B4247531FE007A817F /* UIViewExtensionsTests.swift */ = {isa = PBXFileReference; lastKnownFileType = sourcecode.swift; path = UIViewExtensionsTests.swift; sourceTree = "<group>"; };
		EE3103C5247673F1007A817F /* UIViewController+SafariServices.swift */ = {isa = PBXFileReference; lastKnownFileType = sourcecode.swift; path = "UIViewController+SafariServices.swift"; sourceTree = "<group>"; };
		EE3103D624771AF8007A817F /* UIAlertController+UIKit.swift */ = {isa = PBXFileReference; lastKnownFileType = sourcecode.swift; path = "UIAlertController+UIKit.swift"; sourceTree = "<group>"; };
		EE35F9BB23F1978700F63697 /* BrainKit.framework */ = {isa = PBXFileReference; explicitFileType = wrapper.framework; includeInIndex = 0; path = BrainKit.framework; sourceTree = BUILT_PRODUCTS_DIR; };
		EE35F9C723F1981300F63697 /* BrainKit.h */ = {isa = PBXFileReference; fileEncoding = 4; lastKnownFileType = sourcecode.c.h; path = BrainKit.h; sourceTree = "<group>"; };
		EE35F9C823F1981300F63697 /* Info.plist */ = {isa = PBXFileReference; fileEncoding = 4; lastKnownFileType = text.plist.xml; path = Info.plist; sourceTree = "<group>"; };
		EE35F9CF23F1985800F63697 /* UnitTests.xctest */ = {isa = PBXFileReference; explicitFileType = wrapper.cfbundle; includeInIndex = 0; path = UnitTests.xctest; sourceTree = BUILT_PRODUCTS_DIR; };
		EE35F9D323F1985800F63697 /* Info.plist */ = {isa = PBXFileReference; lastKnownFileType = text.plist.xml; path = Info.plist; sourceTree = "<group>"; };
		EE35F9DB23F1993A00F63697 /* String+UIKit.swift */ = {isa = PBXFileReference; lastKnownFileType = sourcecode.swift; path = "String+UIKit.swift"; sourceTree = "<group>"; };
		EE35F9DD23F1999000F63697 /* Data+Foundation.swift */ = {isa = PBXFileReference; lastKnownFileType = sourcecode.swift; path = "Data+Foundation.swift"; sourceTree = "<group>"; };
		EE35F9DF23F19E0200F63697 /* StringExtensionsTests.swift */ = {isa = PBXFileReference; lastKnownFileType = sourcecode.swift; path = StringExtensionsTests.swift; sourceTree = "<group>"; };
		EE35F9E123F1A02000F63697 /* URL+Foundation.swift */ = {isa = PBXFileReference; lastKnownFileType = sourcecode.swift; path = "URL+Foundation.swift"; sourceTree = "<group>"; };
		EE35F9E323F1A04D00F63697 /* URLExtensionsTests.swift */ = {isa = PBXFileReference; lastKnownFileType = sourcecode.swift; path = URLExtensionsTests.swift; sourceTree = "<group>"; };
		EE35F9EB23F1B8D300F63697 /* UserDefaults+Foundation.swift */ = {isa = PBXFileReference; lastKnownFileType = sourcecode.swift; path = "UserDefaults+Foundation.swift"; sourceTree = "<group>"; };
		EE35F9ED23F1B90B00F63697 /* UserDefaultsExtensionsTests.swift */ = {isa = PBXFileReference; lastKnownFileType = sourcecode.swift; path = UserDefaultsExtensionsTests.swift; sourceTree = "<group>"; };
		EE3949F8262EFA5D00248433 /* JSON+SwiftyJSON.swift */ = {isa = PBXFileReference; lastKnownFileType = sourcecode.swift; path = "JSON+SwiftyJSON.swift"; sourceTree = "<group>"; };
		EE3949FC262EFB0C00248433 /* JSONTests.swift */ = {isa = PBXFileReference; lastKnownFileType = sourcecode.swift; path = JSONTests.swift; sourceTree = "<group>"; };
		EE39CECF26C11B860018C39D /* OrderableManagedObject.swift */ = {isa = PBXFileReference; lastKnownFileType = sourcecode.swift; path = OrderableManagedObject.swift; sourceTree = "<group>"; };
		EE39CED326C11BC60018C39D /* IdentifiableManagedObject.swift */ = {isa = PBXFileReference; lastKnownFileType = sourcecode.swift; path = IdentifiableManagedObject.swift; sourceTree = "<group>"; };
		EE39CED726C11C420018C39D /* Set+CoreData.swift */ = {isa = PBXFileReference; lastKnownFileType = sourcecode.swift; path = "Set+CoreData.swift"; sourceTree = "<group>"; };
		EE39CEDA26C11C740018C39D /* OrderableSetTests.swift */ = {isa = PBXFileReference; fileEncoding = 4; lastKnownFileType = sourcecode.swift; path = OrderableSetTests.swift; sourceTree = "<group>"; };
		EE39CEDC26C11CB10018C39D /* TestCoreDataTestCase.swift */ = {isa = PBXFileReference; fileEncoding = 4; lastKnownFileType = sourcecode.swift; path = TestCoreDataTestCase.swift; sourceTree = "<group>"; };
		EE39CEDE26C11D0F0018C39D /* CoreDataContainer.swift */ = {isa = PBXFileReference; fileEncoding = 4; lastKnownFileType = sourcecode.swift; path = CoreDataContainer.swift; sourceTree = "<group>"; };
		EE39CEE026C11D5F0018C39D /* TestingEntity.swift */ = {isa = PBXFileReference; fileEncoding = 4; lastKnownFileType = sourcecode.swift; path = TestingEntity.swift; sourceTree = "<group>"; };
		EE39CEE326C11F020018C39D /* XCTestCase+ext.swift */ = {isa = PBXFileReference; fileEncoding = 4; lastKnownFileType = sourcecode.swift; path = "XCTestCase+ext.swift"; sourceTree = "<group>"; };
		EE39CEE626C11F4E0018C39D /* Testing.xcdatamodel */ = {isa = PBXFileReference; lastKnownFileType = wrapper.xcdatamodel; path = Testing.xcdatamodel; sourceTree = "<group>"; };
		EE39CEE826C11F870018C39D /* CoreDataContainerTests.swift */ = {isa = PBXFileReference; fileEncoding = 4; lastKnownFileType = sourcecode.swift; path = CoreDataContainerTests.swift; sourceTree = "<group>"; };
		EE39CEF226C122230018C39D /* ObjectManager.swift */ = {isa = PBXFileReference; fileEncoding = 4; lastKnownFileType = sourcecode.swift; path = ObjectManager.swift; sourceTree = "<group>"; };
		EE39CEF426C122830018C39D /* NSManagedObject+CoreData.swift */ = {isa = PBXFileReference; lastKnownFileType = sourcecode.swift; path = "NSManagedObject+CoreData.swift"; sourceTree = "<group>"; };
		EE39CEF626C122F90018C39D /* ObjectManagerTests.swift */ = {isa = PBXFileReference; fileEncoding = 4; lastKnownFileType = sourcecode.swift; path = ObjectManagerTests.swift; sourceTree = "<group>"; };
		EE39CEFD26C151430018C39D /* JSONUpdatable.swift */ = {isa = PBXFileReference; lastKnownFileType = sourcecode.swift; path = JSONUpdatable.swift; sourceTree = "<group>"; };
		EE5CD94A2405561E002C53E9 /* ArrayExtensionsTests.swift */ = {isa = PBXFileReference; lastKnownFileType = sourcecode.swift; path = ArrayExtensionsTests.swift; sourceTree = "<group>"; };
		EE5CD94C24067E6B002C53E9 /* Array+Foundation.swift */ = {isa = PBXFileReference; fileEncoding = 4; lastKnownFileType = sourcecode.swift; path = "Array+Foundation.swift"; sourceTree = "<group>"; };
		EE5CD94E240FF4DE002C53E9 /* Sequence+Foundation.swift */ = {isa = PBXFileReference; lastKnownFileType = sourcecode.swift; path = "Sequence+Foundation.swift"; sourceTree = "<group>"; };
		EE5CD950240FF522002C53E9 /* SequenceExtensionsTests.swift */ = {isa = PBXFileReference; lastKnownFileType = sourcecode.swift; path = SequenceExtensionsTests.swift; sourceTree = "<group>"; };
		EE5CD96E24112BC4002C53E9 /* DictionaryExtensionsTests.swift */ = {isa = PBXFileReference; lastKnownFileType = sourcecode.swift; path = DictionaryExtensionsTests.swift; sourceTree = "<group>"; };
		EE663A6724BC3EDF00366C27 /* Functions.swift */ = {isa = PBXFileReference; fileEncoding = 4; lastKnownFileType = sourcecode.swift; path = Functions.swift; sourceTree = "<group>"; };
		EE663A6924BC3EEE00366C27 /* Bool+Foundation.swift */ = {isa = PBXFileReference; fileEncoding = 4; lastKnownFileType = sourcecode.swift; path = "Bool+Foundation.swift"; sourceTree = "<group>"; };
		EE728F35265508C20072588F /* RunOnce.swift */ = {isa = PBXFileReference; lastKnownFileType = sourcecode.swift; path = RunOnce.swift; sourceTree = "<group>"; };
		EE728F3A265511B60072588F /* UITableViewController+UIKit.swift */ = {isa = PBXFileReference; lastKnownFileType = sourcecode.swift; path = "UITableViewController+UIKit.swift"; sourceTree = "<group>"; };
		EE8138E823FED60B005CE46D /* Collection+Foundation.swift */ = {isa = PBXFileReference; lastKnownFileType = sourcecode.swift; path = "Collection+Foundation.swift"; sourceTree = "<group>"; };
		EE8138EA23FED667005CE46D /* CollectionExtensionsTests.swift */ = {isa = PBXFileReference; lastKnownFileType = sourcecode.swift; path = CollectionExtensionsTests.swift; sourceTree = "<group>"; };
		EE8138EC23FEDA8A005CE46D /* Bundle+Foundation.swift */ = {isa = PBXFileReference; lastKnownFileType = sourcecode.swift; path = "Bundle+Foundation.swift"; sourceTree = "<group>"; };
		EE8138EE23FEE3E0005CE46D /* BundleExtensionsTests.swift */ = {isa = PBXFileReference; lastKnownFileType = sourcecode.swift; path = BundleExtensionsTests.swift; sourceTree = "<group>"; };
		EE8138F123FEE41B005CE46D /* HelloWorld.txt */ = {isa = PBXFileReference; fileEncoding = 4; lastKnownFileType = text; path = HelloWorld.txt; sourceTree = "<group>"; };
		EE8138F323FFDEE6005CE46D /* File.bin */ = {isa = PBXFileReference; lastKnownFileType = archive.macbinary; path = File.bin; sourceTree = "<group>"; };
		EE8138F624003AB8005CE46D /* TestableFatals.swift */ = {isa = PBXFileReference; lastKnownFileType = sourcecode.swift; path = TestableFatals.swift; sourceTree = "<group>"; };
		EE8138F924003B89005CE46D /* XCTestCase+Fatals.swift */ = {isa = PBXFileReference; lastKnownFileType = sourcecode.swift; path = "XCTestCase+Fatals.swift"; sourceTree = "<group>"; };
		EE8138FB240054A7005CE46D /* Double+Foundation.swift */ = {isa = PBXFileReference; lastKnownFileType = sourcecode.swift; path = "Double+Foundation.swift"; sourceTree = "<group>"; };
		EE8138FD240054BE005CE46D /* DoubleExtensionsTests.swift */ = {isa = PBXFileReference; lastKnownFileType = sourcecode.swift; path = DoubleExtensionsTests.swift; sourceTree = "<group>"; };
		EE8138FF24010BF2005CE46D /* UIColor+UIKit.swift */ = {isa = PBXFileReference; lastKnownFileType = sourcecode.swift; path = "UIColor+UIKit.swift"; sourceTree = "<group>"; };
		EE81390124010D03005CE46D /* UIColorExtensionsTests.swift */ = {isa = PBXFileReference; lastKnownFileType = sourcecode.swift; path = UIColorExtensionsTests.swift; sourceTree = "<group>"; };
		EE81390324013B50005CE46D /* Dictionary+Foundation.swift */ = {isa = PBXFileReference; lastKnownFileType = sourcecode.swift; path = "Dictionary+Foundation.swift"; sourceTree = "<group>"; };
		EE8BD9BE243763DF00957FAD /* UIView+UIKit.swift */ = {isa = PBXFileReference; lastKnownFileType = sourcecode.swift; path = "UIView+UIKit.swift"; sourceTree = "<group>"; };
		EE8BD9C02437663F00957FAD /* UIFont+UIKit.swift */ = {isa = PBXFileReference; lastKnownFileType = sourcecode.swift; path = "UIFont+UIKit.swift"; sourceTree = "<group>"; };
		EE8E6F7D2437870400E01821 /* CGFloat+UIKit.swift */ = {isa = PBXFileReference; fileEncoding = 4; lastKnownFileType = sourcecode.swift; path = "CGFloat+UIKit.swift"; sourceTree = "<group>"; };
		EE9F211E247FE309000C3120 /* NSOrderedSet+Foundation.swift */ = {isa = PBXFileReference; lastKnownFileType = sourcecode.swift; path = "NSOrderedSet+Foundation.swift"; sourceTree = "<group>"; };
		EE9F2120247FE339000C3120 /* NSOrderedSetTests.swift */ = {isa = PBXFileReference; lastKnownFileType = sourcecode.swift; path = NSOrderedSetTests.swift; sourceTree = "<group>"; };
		EE9F2122247FE765000C3120 /* UIWindow+UIKit.swift */ = {isa = PBXFileReference; lastKnownFileType = sourcecode.swift; path = "UIWindow+UIKit.swift"; sourceTree = "<group>"; };
		EE9F212424810FB3000C3120 /* Optional+Foundation.swift */ = {isa = PBXFileReference; lastKnownFileType = sourcecode.swift; path = "Optional+Foundation.swift"; sourceTree = "<group>"; };
		EE9F21262481100D000C3120 /* OptionalExtensionsTests.swift */ = {isa = PBXFileReference; lastKnownFileType = sourcecode.swift; path = OptionalExtensionsTests.swift; sourceTree = "<group>"; };
		EEA016EC2461A8240053A9C2 /* DiskStorage.swift */ = {isa = PBXFileReference; lastKnownFileType = sourcecode.swift; path = DiskStorage.swift; sourceTree = "<group>"; };
		EEA016EE2461A8A90053A9C2 /* DiskStorageTests.swift */ = {isa = PBXFileReference; lastKnownFileType = sourcecode.swift; path = DiskStorageTests.swift; sourceTree = "<group>"; };
		EEA016F02462B1120053A9C2 /* MemCache.swift */ = {isa = PBXFileReference; lastKnownFileType = sourcecode.swift; path = MemCache.swift; sourceTree = "<group>"; };
		EEA016F22462B2880053A9C2 /* MemCacheTests.swift */ = {isa = PBXFileReference; lastKnownFileType = sourcecode.swift; path = MemCacheTests.swift; sourceTree = "<group>"; };
		EEAEAF81245969FB009FC6E7 /* APIDateFormatter.swift */ = {isa = PBXFileReference; lastKnownFileType = sourcecode.swift; path = APIDateFormatter.swift; sourceTree = "<group>"; };
		EEAEAF8C2459DF64009FC6E7 /* Date+Foundation.swift */ = {isa = PBXFileReference; lastKnownFileType = sourcecode.swift; path = "Date+Foundation.swift"; sourceTree = "<group>"; };
		EEAEAF8E245AA600009FC6E7 /* DateTests.swift */ = {isa = PBXFileReference; lastKnownFileType = sourcecode.swift; path = DateTests.swift; sourceTree = "<group>"; };
		EEAEAF91245AA6A6009FC6E7 /* APIDateFormatterTests.swift */ = {isa = PBXFileReference; lastKnownFileType = sourcecode.swift; path = APIDateFormatterTests.swift; sourceTree = "<group>"; };
		EEB5CBA72678879600473A3B /* UIScreen+UIKit.swift */ = {isa = PBXFileReference; lastKnownFileType = sourcecode.swift; path = "UIScreen+UIKit.swift"; sourceTree = "<group>"; };
		EEB7E7692460806000C2E1F3 /* UIImage+AVFoundation.swift */ = {isa = PBXFileReference; lastKnownFileType = sourcecode.swift; path = "UIImage+AVFoundation.swift"; sourceTree = "<group>"; };
		EEB7E76C2460833F00C2E1F3 /* UIImage+UIKit.swift */ = {isa = PBXFileReference; lastKnownFileType = sourcecode.swift; path = "UIImage+UIKit.swift"; sourceTree = "<group>"; };
		EEB7E76E2460867700C2E1F3 /* FileManager+Foundation.swift */ = {isa = PBXFileReference; lastKnownFileType = sourcecode.swift; path = "FileManager+Foundation.swift"; sourceTree = "<group>"; };
		EEC01D6C24DC4A4600318B46 /* UILabel+UIKit.swift */ = {isa = PBXFileReference; lastKnownFileType = sourcecode.swift; path = "UILabel+UIKit.swift"; sourceTree = "<group>"; };
		EEC01D6E24DC4B9700318B46 /* UIStackView+UIKit.swift */ = {isa = PBXFileReference; lastKnownFileType = sourcecode.swift; path = "UIStackView+UIKit.swift"; sourceTree = "<group>"; };
		EEC01D7024DC4C5600318B46 /* UIScrollView+UIKit.swift */ = {isa = PBXFileReference; lastKnownFileType = sourcecode.swift; path = "UIScrollView+UIKit.swift"; sourceTree = "<group>"; };
		EEC8E7CE25E3B34A0021094C /* Constraint+SnapKit.swift */ = {isa = PBXFileReference; fileEncoding = 4; lastKnownFileType = sourcecode.swift; path = "Constraint+SnapKit.swift"; sourceTree = "<group>"; };
		EED543AE2620664000CD807E /* UIViewController+UIKit.swift */ = {isa = PBXFileReference; lastKnownFileType = sourcecode.swift; path = "UIViewController+UIKit.swift"; sourceTree = "<group>"; };
		EED543B8262067FA00CD807E /* UINavigationBar+ext.swift */ = {isa = PBXFileReference; fileEncoding = 4; lastKnownFileType = sourcecode.swift; path = "UINavigationBar+ext.swift"; sourceTree = "<group>"; };
		EED785602489374E009960EE /* NSLocale+UIKit.swift */ = {isa = PBXFileReference; lastKnownFileType = sourcecode.swift; path = "NSLocale+UIKit.swift"; sourceTree = "<group>"; };
		EEDEF33C250F9C0F00588359 /* PriceFormatter.swift */ = {isa = PBXFileReference; lastKnownFileType = sourcecode.swift; path = PriceFormatter.swift; sourceTree = "<group>"; };
		EEE3CEDA248F8DD300983BE5 /* PDFCreator.swift */ = {isa = PBXFileReference; fileEncoding = 4; lastKnownFileType = sourcecode.swift; path = PDFCreator.swift; sourceTree = "<group>"; };
		EEFA403626441EA2006F61FC /* UIApplication+UIKit.swift */ = {isa = PBXFileReference; fileEncoding = 4; lastKnownFileType = sourcecode.swift; path = "UIApplication+UIKit.swift"; sourceTree = "<group>"; };
/* End PBXFileReference section */

/* Begin PBXFrameworksBuildPhase section */
		EE35F9B823F1978700F63697 /* Frameworks */ = {
			isa = PBXFrameworksBuildPhase;
			buildActionMask = 2147483647;
			files = (
				2D8F2C218EF64C87FC7BE304 /* Pods_BrainKit.framework in Frameworks */,
			);
			runOnlyForDeploymentPostprocessing = 0;
		};
		EE35F9CC23F1985800F63697 /* Frameworks */ = {
			isa = PBXFrameworksBuildPhase;
			buildActionMask = 2147483647;
			files = (
				EE35F9D423F1985800F63697 /* BrainKit.framework in Frameworks */,
				7C108C0507DA879AB00C2134 /* Pods_UnitTests.framework in Frameworks */,
			);
			runOnlyForDeploymentPostprocessing = 0;
		};
/* End PBXFrameworksBuildPhase section */

/* Begin PBXGroup section */
		56D5524F5BDFE1F682B12B69 /* Frameworks */ = {
			isa = PBXGroup;
			children = (
				DA0907D058D36382866F15A0 /* Pods_BrainKit.framework */,
				1F7E28273E243E72E02DD205 /* Pods_UnitTests.framework */,
			);
			name = Frameworks;
			sourceTree = "<group>";
		};
		5E693442A9D8CCE50420CD1C /* Pods */ = {
			isa = PBXGroup;
			children = (
				BF59B91606D1C562F3848BAA /* Pods-BrainKit.debug.xcconfig */,
				6AE3150D427AF57E61C09FA0 /* Pods-BrainKit.release.xcconfig */,
				B3EE8B64D519164C09623735 /* Pods-UnitTests.debug.xcconfig */,
				2E6E47E60C56F8BA46285F8F /* Pods-UnitTests.release.xcconfig */,
			);
			path = Pods;
			sourceTree = "<group>";
		};
		EE050DB5243F086C00CB691D /* Protocols */ = {
			isa = PBXGroup;
			children = (
				EE050DB6243F087D00CB691D /* StoryboardInstantiable.swift */,
			);
			path = Protocols;
			sourceTree = "<group>";
		};
		EE0A95332456C68D008E3AD6 /* UIKit */ = {
			isa = PBXGroup;
			children = (
				EE35F9DA23F1988600F63697 /* Extensions */,
				EE050DB5243F086C00CB691D /* Protocols */,
			);
			path = UIKit;
			sourceTree = "<group>";
		};
		EE0A95342456C6A5008E3AD6 /* Foundation */ = {
			isa = PBXGroup;
			children = (
				EE0A95352456C6B2008E3AD6 /* Extensions */,
				EEAEAF8324596A41009FC6E7 /* Classes */,
				EE663A6724BC3EDF00366C27 /* Functions.swift */,
			);
			path = Foundation;
			sourceTree = "<group>";
		};
		EE0A95352456C6B2008E3AD6 /* Extensions */ = {
			isa = PBXGroup;
			children = (
				EE663A6924BC3EEE00366C27 /* Bool+Foundation.swift */,
				EE0A95362456C749008E3AD6 /* String+Foundation.swift */,
				EE5CD94C24067E6B002C53E9 /* Array+Foundation.swift */,
				EE8138EC23FEDA8A005CE46D /* Bundle+Foundation.swift */,
				EE35F9DD23F1999000F63697 /* Data+Foundation.swift */,
				EE35F9E123F1A02000F63697 /* URL+Foundation.swift */,
				EE35F9EB23F1B8D300F63697 /* UserDefaults+Foundation.swift */,
				EE8138E823FED60B005CE46D /* Collection+Foundation.swift */,
				EE8138FB240054A7005CE46D /* Double+Foundation.swift */,
				EE81390324013B50005CE46D /* Dictionary+Foundation.swift */,
				EE5CD94E240FF4DE002C53E9 /* Sequence+Foundation.swift */,
				EEAEAF8C2459DF64009FC6E7 /* Date+Foundation.swift */,
				EEB7E76E2460867700C2E1F3 /* FileManager+Foundation.swift */,
				EE9F211E247FE309000C3120 /* NSOrderedSet+Foundation.swift */,
				EE9F212424810FB3000C3120 /* Optional+Foundation.swift */,
				EE24343124A49A4E008B061D /* FloatingPoint+Foundation.swift */,
			);
			path = Extensions;
			sourceTree = "<group>";
		};
		EE0A95382456D3A9008E3AD6 /* SwiftyJSON */ = {
			isa = PBXGroup;
			children = (
				EE39CEFC26C151340018C39D /* Protocols */,
				EE0A95392456D3F0008E3AD6 /* Bundle+SwiftyJSON.swift */,
				EE3949F8262EFA5D00248433 /* JSON+SwiftyJSON.swift */,
			);
			path = SwiftyJSON;
			sourceTree = "<group>";
		};
		EE0A953D2456EF81008E3AD6 /* CoreData */ = {
			isa = PBXGroup;
			children = (
				EE39CED626C11BE50018C39D /* Protocols */,
				EE39CECD26C11ACC0018C39D /* Classes */,
				EE0A95402456EFAF008E3AD6 /* Extensions */,
			);
			path = CoreData;
			sourceTree = "<group>";
		};
		EE0A95402456EFAF008E3AD6 /* Extensions */ = {
			isa = PBXGroup;
			children = (
				EE0A953E2456EF90008E3AD6 /* NSManagedObjectContext+CoreData.swift */,
				EE39CEF426C122830018C39D /* NSManagedObject+CoreData.swift */,
				EE39CED726C11C420018C39D /* Set+CoreData.swift */,
			);
			path = Extensions;
			sourceTree = "<group>";
		};
		EE3103C4247673DA007A817F /* SafariServices */ = {
			isa = PBXGroup;
			children = (
				EE3103C5247673F1007A817F /* UIViewController+SafariServices.swift */,
			);
			path = SafariServices;
			sourceTree = "<group>";
		};
		EE35F9B123F1978700F63697 = {
			isa = PBXGroup;
			children = (
				EE35F9C623F1981300F63697 /* Sources */,
				EE8138F524003A92005CE46D /* Support */,
				EE35F9D023F1985800F63697 /* UnitTests */,
				EE35F9BC23F1978700F63697 /* Products */,
				5E693442A9D8CCE50420CD1C /* Pods */,
				56D5524F5BDFE1F682B12B69 /* Frameworks */,
			);
			sourceTree = "<group>";
		};
		EE35F9BC23F1978700F63697 /* Products */ = {
			isa = PBXGroup;
			children = (
				EE35F9BB23F1978700F63697 /* BrainKit.framework */,
				EE35F9CF23F1985800F63697 /* UnitTests.xctest */,
			);
			name = Products;
			sourceTree = "<group>";
		};
		EE35F9C623F1981300F63697 /* Sources */ = {
			isa = PBXGroup;
			children = (
				EEC8E7C825E3B2FB0021094C /* SnapKit */,
				EE3103C4247673DA007A817F /* SafariServices */,
				EEB7E7682460804900C2E1F3 /* AVFoundation */,
				EE0A953D2456EF81008E3AD6 /* CoreData */,
				EE0A95382456D3A9008E3AD6 /* SwiftyJSON */,
				EE0A95342456C6A5008E3AD6 /* Foundation */,
				EE0A95332456C68D008E3AD6 /* UIKit */,
				EEE3CED8248F8DD300983BE5 /* WebKit */,
			);
			path = Sources;
			sourceTree = "<group>";
		};
		EE35F9D023F1985800F63697 /* UnitTests */ = {
			isa = PBXGroup;
			children = (
				EE8138F824003B6F005CE46D /* Support */,
				EE8138F023FEE3FC005CE46D /* Resources */,
				EE35F9D323F1985800F63697 /* Info.plist */,
				EE39CEDA26C11C740018C39D /* OrderableSetTests.swift */,
				EE39CEE826C11F870018C39D /* CoreDataContainerTests.swift */,
				EE39CEF626C122F90018C39D /* ObjectManagerTests.swift */,
				EE35F9ED23F1B90B00F63697 /* UserDefaultsExtensionsTests.swift */,
				EE24343324A49B23008B061D /* FloatingPointExtensionsTests.swift */,
				EE35F9DF23F19E0200F63697 /* StringExtensionsTests.swift */,
				EE35F9E323F1A04D00F63697 /* URLExtensionsTests.swift */,
				EE8138EA23FED667005CE46D /* CollectionExtensionsTests.swift */,
				EE8138EE23FEE3E0005CE46D /* BundleExtensionsTests.swift */,
				EE8138FD240054BE005CE46D /* DoubleExtensionsTests.swift */,
				EE81390124010D03005CE46D /* UIColorExtensionsTests.swift */,
				EE5CD94A2405561E002C53E9 /* ArrayExtensionsTests.swift */,
				EE050DB8243F08DA00CB691D /* StoryboardInstantiable.swift */,
				EE5CD950240FF522002C53E9 /* SequenceExtensionsTests.swift */,
				EE5CD96E24112BC4002C53E9 /* DictionaryExtensionsTests.swift */,
				EEAEAF8E245AA600009FC6E7 /* DateTests.swift */,
				EEAEAF91245AA6A6009FC6E7 /* APIDateFormatterTests.swift */,
				EEA016EE2461A8A90053A9C2 /* DiskStorageTests.swift */,
				EEA016F22462B2880053A9C2 /* MemCacheTests.swift */,
				EE3103B4247531FE007A817F /* UIViewExtensionsTests.swift */,
				EE9F2120247FE339000C3120 /* NSOrderedSetTests.swift */,
				EE9F21262481100D000C3120 /* OptionalExtensionsTests.swift */,
				EE3949FC262EFB0C00248433 /* JSONTests.swift */,
			);
			path = UnitTests;
			sourceTree = "<group>";
		};
		EE35F9DA23F1988600F63697 /* Extensions */ = {
			isa = PBXGroup;
			children = (
				EE35F9DB23F1993A00F63697 /* String+UIKit.swift */,
				EEC01D6E24DC4B9700318B46 /* UIStackView+UIKit.swift */,
				EE8BD9C02437663F00957FAD /* UIFont+UIKit.swift */,
				EEC01D7024DC4C5600318B46 /* UIScrollView+UIKit.swift */,
				EE8138FF24010BF2005CE46D /* UIColor+UIKit.swift */,
				EE8BD9BE243763DF00957FAD /* UIView+UIKit.swift */,
				EE8E6F7D2437870400E01821 /* CGFloat+UIKit.swift */,
				EED785602489374E009960EE /* NSLocale+UIKit.swift */,
				EE2549A4243CBBC800008607 /* NSLayoutConstraint+UIKit.swift */,
				EEB7E76C2460833F00C2E1F3 /* UIImage+UIKit.swift */,
				EE3103D624771AF8007A817F /* UIAlertController+UIKit.swift */,
				EE9F2122247FE765000C3120 /* UIWindow+UIKit.swift */,
				EEC01D6C24DC4A4600318B46 /* UILabel+UIKit.swift */,
				EEFA403626441EA2006F61FC /* UIApplication+UIKit.swift */,
				EED543B8262067FA00CD807E /* UINavigationBar+ext.swift */,
				EED543AE2620664000CD807E /* UIViewController+UIKit.swift */,
				EE728F3A265511B60072588F /* UITableViewController+UIKit.swift */,
				EEB5CBA72678879600473A3B /* UIScreen+UIKit.swift */,
			);
			path = Extensions;
			sourceTree = "<group>";
		};
		EE39CECD26C11ACC0018C39D /* Classes */ = {
			isa = PBXGroup;
			children = (
				EE39CEDE26C11D0F0018C39D /* CoreDataContainer.swift */,
				EE39CEF226C122230018C39D /* ObjectManager.swift */,
			);
			path = Classes;
			sourceTree = "<group>";
		};
		EE39CED626C11BE50018C39D /* Protocols */ = {
			isa = PBXGroup;
			children = (
				EE39CECF26C11B860018C39D /* OrderableManagedObject.swift */,
				EE39CED326C11BC60018C39D /* IdentifiableManagedObject.swift */,
			);
			path = Protocols;
			sourceTree = "<group>";
		};
		EE39CEFC26C151340018C39D /* Protocols */ = {
			isa = PBXGroup;
			children = (
				EE39CEFD26C151430018C39D /* JSONUpdatable.swift */,
			);
			path = Protocols;
			sourceTree = "<group>";
		};
		EE8138F023FEE3FC005CE46D /* Resources */ = {
			isa = PBXGroup;
			children = (
				EE39CEE526C11F4E0018C39D /* Testing.xcdatamodeld */,
				EE0A953B2456DBC1008E3AD6 /* HelloWorld.json */,
				EE8138F323FFDEE6005CE46D /* File.bin */,
				EE050DC2243F1F6100CB691D /* HelloWorld.plist */,
				EE8138F123FEE41B005CE46D /* HelloWorld.txt */,
				EE050DBC243F093D00CB691D /* StoryboardViewController.storyboard */,
				EE050DBA243F091500CB691D /* StoryboardViewController.swift */,
			);
			path = Resources;
			sourceTree = "<group>";
		};
		EE8138F524003A92005CE46D /* Support */ = {
			isa = PBXGroup;
			children = (
				EE35F9C723F1981300F63697 /* BrainKit.h */,
				EE35F9C823F1981300F63697 /* Info.plist */,
				EE8138F624003AB8005CE46D /* TestableFatals.swift */,
			);
			path = Support;
			sourceTree = "<group>";
		};
		EE8138F824003B6F005CE46D /* Support */ = {
			isa = PBXGroup;
			children = (
				EE39CEE026C11D5F0018C39D /* TestingEntity.swift */,
				EE39CEDC26C11CB10018C39D /* TestCoreDataTestCase.swift */,
				EE39CEE326C11F020018C39D /* XCTestCase+ext.swift */,
				EE8138F924003B89005CE46D /* XCTestCase+Fatals.swift */,
			);
			path = Support;
			sourceTree = "<group>";
		};
		EEAEAF8324596A41009FC6E7 /* Classes */ = {
			isa = PBXGroup;
			children = (
				EEAEAF81245969FB009FC6E7 /* APIDateFormatter.swift */,
				EEA016EC2461A8240053A9C2 /* DiskStorage.swift */,
				EEA016F02462B1120053A9C2 /* MemCache.swift */,
				EEDEF33C250F9C0F00588359 /* PriceFormatter.swift */,
				EE728F35265508C20072588F /* RunOnce.swift */,
			);
			path = Classes;
			sourceTree = "<group>";
		};
		EEB7E7682460804900C2E1F3 /* AVFoundation */ = {
			isa = PBXGroup;
			children = (
				EEB7E76B2460831900C2E1F3 /* Extensions */,
			);
			path = AVFoundation;
			sourceTree = "<group>";
		};
		EEB7E76B2460831900C2E1F3 /* Extensions */ = {
			isa = PBXGroup;
			children = (
				EEB7E7692460806000C2E1F3 /* UIImage+AVFoundation.swift */,
			);
			path = Extensions;
			sourceTree = "<group>";
		};
		EEC8E7C825E3B2FB0021094C /* SnapKit */ = {
			isa = PBXGroup;
			children = (
				EEC8E7CD25E3B34A0021094C /* Extensions */,
			);
			path = SnapKit;
			sourceTree = "<group>";
		};
		EEC8E7CD25E3B34A0021094C /* Extensions */ = {
			isa = PBXGroup;
			children = (
				EEC8E7CE25E3B34A0021094C /* Constraint+SnapKit.swift */,
			);
			path = Extensions;
			sourceTree = "<group>";
		};
		EEE3CED8248F8DD300983BE5 /* WebKit */ = {
			isa = PBXGroup;
			children = (
				EEE3CED9248F8DD300983BE5 /* Classes */,
			);
			path = WebKit;
			sourceTree = "<group>";
		};
		EEE3CED9248F8DD300983BE5 /* Classes */ = {
			isa = PBXGroup;
			children = (
				EEE3CEDA248F8DD300983BE5 /* PDFCreator.swift */,
			);
			path = Classes;
			sourceTree = "<group>";
		};
/* End PBXGroup section */

/* Begin PBXHeadersBuildPhase section */
		EE35F9B623F1978700F63697 /* Headers */ = {
			isa = PBXHeadersBuildPhase;
			buildActionMask = 2147483647;
			files = (
			);
			runOnlyForDeploymentPostprocessing = 0;
		};
/* End PBXHeadersBuildPhase section */

/* Begin PBXNativeTarget section */
		EE35F9BA23F1978700F63697 /* BrainKit */ = {
			isa = PBXNativeTarget;
			buildConfigurationList = EE35F9C323F1978700F63697 /* Build configuration list for PBXNativeTarget "BrainKit" */;
			buildPhases = (
				663125BACDD34784F60252C0 /* [CP] Check Pods Manifest.lock */,
				EE35F9B623F1978700F63697 /* Headers */,
				EE35F9B723F1978700F63697 /* Sources */,
				EE35F9B823F1978700F63697 /* Frameworks */,
				EE35F9B923F1978700F63697 /* Resources */,
			);
			buildRules = (
			);
			dependencies = (
			);
			name = BrainKit;
			productName = BrainKit;
			productReference = EE35F9BB23F1978700F63697 /* BrainKit.framework */;
			productType = "com.apple.product-type.framework";
		};
		EE35F9CE23F1985800F63697 /* UnitTests */ = {
			isa = PBXNativeTarget;
			buildConfigurationList = EE35F9D723F1985800F63697 /* Build configuration list for PBXNativeTarget "UnitTests" */;
			buildPhases = (
				EF1393F5DDDC75356217D589 /* [CP] Check Pods Manifest.lock */,
				EE35F9CB23F1985800F63697 /* Sources */,
				EE35F9CC23F1985800F63697 /* Frameworks */,
				EE35F9CD23F1985800F63697 /* Resources */,
				35FEE3E47455B6521E843CA6 /* [CP] Embed Pods Frameworks */,
			);
			buildRules = (
			);
			dependencies = (
				EE35F9D623F1985800F63697 /* PBXTargetDependency */,
			);
			name = UnitTests;
			productName = UnitTests;
			productReference = EE35F9CF23F1985800F63697 /* UnitTests.xctest */;
			productType = "com.apple.product-type.bundle.unit-test";
		};
/* End PBXNativeTarget section */

/* Begin PBXProject section */
		EE35F9B223F1978700F63697 /* Project object */ = {
			isa = PBXProject;
			attributes = {
				LastSwiftUpdateCheck = 1130;
				LastUpgradeCheck = 1130;
				ORGANIZATIONNAME = Userbrain;
				TargetAttributes = {
					EE35F9BA23F1978700F63697 = {
						CreatedOnToolsVersion = 11.3.1;
						LastSwiftMigration = 1130;
					};
					EE35F9CE23F1985800F63697 = {
						CreatedOnToolsVersion = 11.3.1;
						LastSwiftMigration = 1130;
					};
				};
			};
			buildConfigurationList = EE35F9B523F1978700F63697 /* Build configuration list for PBXProject "BrainKit" */;
			compatibilityVersion = "Xcode 9.3";
			developmentRegion = en;
			hasScannedForEncodings = 0;
			knownRegions = (
				en,
				Base,
			);
			mainGroup = EE35F9B123F1978700F63697;
			productRefGroup = EE35F9BC23F1978700F63697 /* Products */;
			projectDirPath = "";
			projectRoot = "";
			targets = (
				EE35F9BA23F1978700F63697 /* BrainKit */,
				EE35F9CE23F1985800F63697 /* UnitTests */,
			);
		};
/* End PBXProject section */

/* Begin PBXResourcesBuildPhase section */
		EE35F9B923F1978700F63697 /* Resources */ = {
			isa = PBXResourcesBuildPhase;
			buildActionMask = 2147483647;
			files = (
			);
			runOnlyForDeploymentPostprocessing = 0;
		};
		EE35F9CD23F1985800F63697 /* Resources */ = {
			isa = PBXResourcesBuildPhase;
			buildActionMask = 2147483647;
			files = (
				EE8138F223FEE41B005CE46D /* HelloWorld.txt in Resources */,
				EE050DBD243F093D00CB691D /* StoryboardViewController.storyboard in Resources */,
				EE050DC3243F1F6100CB691D /* HelloWorld.plist in Resources */,
				EE8138F423FFDEE6005CE46D /* File.bin in Resources */,
				EE0A953C2456DBC1008E3AD6 /* HelloWorld.json in Resources */,
			);
			runOnlyForDeploymentPostprocessing = 0;
		};
/* End PBXResourcesBuildPhase section */

/* Begin PBXShellScriptBuildPhase section */
		35FEE3E47455B6521E843CA6 /* [CP] Embed Pods Frameworks */ = {
			isa = PBXShellScriptBuildPhase;
			buildActionMask = 2147483647;
			files = (
			);
			inputFileListPaths = (
				"${PODS_ROOT}/Target Support Files/Pods-UnitTests/Pods-UnitTests-frameworks-${CONFIGURATION}-input-files.xcfilelist",
			);
			name = "[CP] Embed Pods Frameworks";
			outputFileListPaths = (
				"${PODS_ROOT}/Target Support Files/Pods-UnitTests/Pods-UnitTests-frameworks-${CONFIGURATION}-output-files.xcfilelist",
			);
			runOnlyForDeploymentPostprocessing = 0;
			shellPath = /bin/sh;
			shellScript = "\"${PODS_ROOT}/Target Support Files/Pods-UnitTests/Pods-UnitTests-frameworks.sh\"\n";
			showEnvVarsInLog = 0;
		};
		663125BACDD34784F60252C0 /* [CP] Check Pods Manifest.lock */ = {
			isa = PBXShellScriptBuildPhase;
			buildActionMask = 2147483647;
			files = (
			);
			inputFileListPaths = (
			);
			inputPaths = (
				"${PODS_PODFILE_DIR_PATH}/Podfile.lock",
				"${PODS_ROOT}/Manifest.lock",
			);
			name = "[CP] Check Pods Manifest.lock";
			outputFileListPaths = (
			);
			outputPaths = (
				"$(DERIVED_FILE_DIR)/Pods-BrainKit-checkManifestLockResult.txt",
			);
			runOnlyForDeploymentPostprocessing = 0;
			shellPath = /bin/sh;
			shellScript = "diff \"${PODS_PODFILE_DIR_PATH}/Podfile.lock\" \"${PODS_ROOT}/Manifest.lock\" > /dev/null\nif [ $? != 0 ] ; then\n    # print error to STDERR\n    echo \"error: The sandbox is not in sync with the Podfile.lock. Run 'pod install' or update your CocoaPods installation.\" >&2\n    exit 1\nfi\n# This output is used by Xcode 'outputs' to avoid re-running this script phase.\necho \"SUCCESS\" > \"${SCRIPT_OUTPUT_FILE_0}\"\n";
			showEnvVarsInLog = 0;
		};
		EF1393F5DDDC75356217D589 /* [CP] Check Pods Manifest.lock */ = {
			isa = PBXShellScriptBuildPhase;
			buildActionMask = 2147483647;
			files = (
			);
			inputFileListPaths = (
			);
			inputPaths = (
				"${PODS_PODFILE_DIR_PATH}/Podfile.lock",
				"${PODS_ROOT}/Manifest.lock",
			);
			name = "[CP] Check Pods Manifest.lock";
			outputFileListPaths = (
			);
			outputPaths = (
				"$(DERIVED_FILE_DIR)/Pods-UnitTests-checkManifestLockResult.txt",
			);
			runOnlyForDeploymentPostprocessing = 0;
			shellPath = /bin/sh;
			shellScript = "diff \"${PODS_PODFILE_DIR_PATH}/Podfile.lock\" \"${PODS_ROOT}/Manifest.lock\" > /dev/null\nif [ $? != 0 ] ; then\n    # print error to STDERR\n    echo \"error: The sandbox is not in sync with the Podfile.lock. Run 'pod install' or update your CocoaPods installation.\" >&2\n    exit 1\nfi\n# This output is used by Xcode 'outputs' to avoid re-running this script phase.\necho \"SUCCESS\" > \"${SCRIPT_OUTPUT_FILE_0}\"\n";
			showEnvVarsInLog = 0;
		};
/* End PBXShellScriptBuildPhase section */

/* Begin PBXSourcesBuildPhase section */
		EE35F9B723F1978700F63697 /* Sources */ = {
			isa = PBXSourcesBuildPhase;
			buildActionMask = 2147483647;
			files = (
				EE24343224A49A4E008B061D /* FloatingPoint+Foundation.swift in Sources */,
				EE728F36265508C20072588F /* RunOnce.swift in Sources */,
				EEC01D6F24DC4B9700318B46 /* UIStackView+UIKit.swift in Sources */,
				EEDEF33D250F9C0F00588359 /* PriceFormatter.swift in Sources */,
				EED543AF2620664000CD807E /* UIViewController+UIKit.swift in Sources */,
				EE9F211F247FE309000C3120 /* NSOrderedSet+Foundation.swift in Sources */,
				EE8BD9C12437663F00957FAD /* UIFont+UIKit.swift in Sources */,
				EEB7E76A2460806000C2E1F3 /* UIImage+AVFoundation.swift in Sources */,
				EE39CEDF26C11D0F0018C39D /* CoreDataContainer.swift in Sources */,
				EE39CED426C11BC60018C39D /* IdentifiableManagedObject.swift in Sources */,
				EE39CEFF26C151EC0018C39D /* JSONUpdatable.swift in Sources */,
				EE0A953A2456D3F0008E3AD6 /* Bundle+SwiftyJSON.swift in Sources */,
				EE81390024010BF2005CE46D /* UIColor+UIKit.swift in Sources */,
				EEB7E76F2460867700C2E1F3 /* FileManager+Foundation.swift in Sources */,
				EE8138E923FED60B005CE46D /* Collection+Foundation.swift in Sources */,
				EED785612489374E009960EE /* NSLocale+UIKit.swift in Sources */,
				EE5CD94F240FF4DE002C53E9 /* Sequence+Foundation.swift in Sources */,
				EE35F9EC23F1B8D300F63697 /* UserDefaults+Foundation.swift in Sources */,
				EE8138FC240054A7005CE46D /* Double+Foundation.swift in Sources */,
				EE663A6A24BC3EEE00366C27 /* Bool+Foundation.swift in Sources */,
				EE0A95372456C749008E3AD6 /* String+Foundation.swift in Sources */,
				EE8E6F7E2437870400E01821 /* CGFloat+UIKit.swift in Sources */,
				EE35F9DC23F1993A00F63697 /* String+UIKit.swift in Sources */,
				EE050DB7243F087D00CB691D /* StoryboardInstantiable.swift in Sources */,
				EE8BD9BF243763DF00957FAD /* UIView+UIKit.swift in Sources */,
				EEAEAF8D2459DF64009FC6E7 /* Date+Foundation.swift in Sources */,
				EEE3CEDB248F8DD300983BE5 /* PDFCreator.swift in Sources */,
				EE8138ED23FEDA8A005CE46D /* Bundle+Foundation.swift in Sources */,
				EEC01D7124DC4C5600318B46 /* UIScrollView+UIKit.swift in Sources */,
				EE39CED826C11C420018C39D /* Set+CoreData.swift in Sources */,
				EE8138F724003AB8005CE46D /* TestableFatals.swift in Sources */,
				EEC8E7CF25E3B34B0021094C /* Constraint+SnapKit.swift in Sources */,
				EE39CEF526C122830018C39D /* NSManagedObject+CoreData.swift in Sources */,
				EED543B9262067FA00CD807E /* UINavigationBar+ext.swift in Sources */,
				EE3949F9262EFA5D00248433 /* JSON+SwiftyJSON.swift in Sources */,
				EE35F9DE23F1999000F63697 /* Data+Foundation.swift in Sources */,
				EEA016ED2461A8240053A9C2 /* DiskStorage.swift in Sources */,
				EE663A6824BC3EDF00366C27 /* Functions.swift in Sources */,
				EEFA403726441EA2006F61FC /* UIApplication+UIKit.swift in Sources */,
				EE728F3B265511B60072588F /* UITableViewController+UIKit.swift in Sources */,
				EE39CED026C11B860018C39D /* OrderableManagedObject.swift in Sources */,
				EE35F9E223F1A02000F63697 /* URL+Foundation.swift in Sources */,
				EE5CD94D24067E6C002C53E9 /* Array+Foundation.swift in Sources */,
				EEB5CBA82678879600473A3B /* UIScreen+UIKit.swift in Sources */,
				EE39CEF326C122230018C39D /* ObjectManager.swift in Sources */,
				EEAEAF82245969FB009FC6E7 /* APIDateFormatter.swift in Sources */,
				EEB7E76D2460833F00C2E1F3 /* UIImage+UIKit.swift in Sources */,
				EEC01D6D24DC4A4600318B46 /* UILabel+UIKit.swift in Sources */,
				EE81390424013B50005CE46D /* Dictionary+Foundation.swift in Sources */,
				EE39CED226C11B960018C39D /* NSManagedObjectContext+CoreData.swift in Sources */,
				EE2549A5243CBBC800008607 /* NSLayoutConstraint+UIKit.swift in Sources */,
				EE39CEE226C11D9F0018C39D /* UIViewController+SafariServices.swift in Sources */,
			);
			runOnlyForDeploymentPostprocessing = 0;
		};
		EE35F9CB23F1985800F63697 /* Sources */ = {
			isa = PBXSourcesBuildPhase;
			buildActionMask = 2147483647;
			files = (
				EE35F9EE23F1B90B00F63697 /* UserDefaultsExtensionsTests.swift in Sources */,
				EE050DBB243F091500CB691D /* StoryboardViewController.swift in Sources */,
				EE5CD94B2405561E002C53E9 /* ArrayExtensionsTests.swift in Sources */,
				EEA016F32462B2880053A9C2 /* MemCacheTests.swift in Sources */,
				EE8138EB23FED667005CE46D /* CollectionExtensionsTests.swift in Sources */,
				EE39CEF726C122F90018C39D /* ObjectManagerTests.swift in Sources */,
				EE3103D724771AF8007A817F /* UIAlertController+UIKit.swift in Sources */,
				EEA016EF2461A8A90053A9C2 /* DiskStorageTests.swift in Sources */,
				EE9F21272481100D000C3120 /* OptionalExtensionsTests.swift in Sources */,
				EEAEAF90245AA604009FC6E7 /* DateTests.swift in Sources */,
				EE39CEDD26C11CB10018C39D /* TestCoreDataTestCase.swift in Sources */,
				EEAEAF92245AA6A6009FC6E7 /* APIDateFormatterTests.swift in Sources */,
				EE39CEDB26C11C740018C39D /* OrderableSetTests.swift in Sources */,
				EE8138FE240054BE005CE46D /* DoubleExtensionsTests.swift in Sources */,
				EE5CD96F24112BC4002C53E9 /* DictionaryExtensionsTests.swift in Sources */,
				EE39CEE126C11D5F0018C39D /* TestingEntity.swift in Sources */,
				EE5CD951240FF522002C53E9 /* SequenceExtensionsTests.swift in Sources */,
				EE39CEE926C11F870018C39D /* CoreDataContainerTests.swift in Sources */,
				EE8138EF23FEE3E0005CE46D /* BundleExtensionsTests.swift in Sources */,
				EE24343424A49B23008B061D /* FloatingPointExtensionsTests.swift in Sources */,
				EE9F2123247FE765000C3120 /* UIWindow+UIKit.swift in Sources */,
				EE39CEE726C11F4F0018C39D /* Testing.xcdatamodeld in Sources */,
				EE9F212524810FB3000C3120 /* Optional+Foundation.swift in Sources */,
				EEA016F12462B1120053A9C2 /* MemCache.swift in Sources */,
				EE35F9E023F19E0200F63697 /* StringExtensionsTests.swift in Sources */,
				EE35F9E423F1A04D00F63697 /* URLExtensionsTests.swift in Sources */,
				EE8138FA24003B89005CE46D /* XCTestCase+Fatals.swift in Sources */,
				EE9F2121247FE339000C3120 /* NSOrderedSetTests.swift in Sources */,
				EE050DB9243F08DA00CB691D /* StoryboardInstantiable.swift in Sources */,
				EE3103B5247531FE007A817F /* UIViewExtensionsTests.swift in Sources */,
				EE81390224010D03005CE46D /* UIColorExtensionsTests.swift in Sources */,
				EE39CEE426C11F020018C39D /* XCTestCase+ext.swift in Sources */,
				EE3949FD262EFB0C00248433 /* JSONTests.swift in Sources */,
			);
			runOnlyForDeploymentPostprocessing = 0;
		};
/* End PBXSourcesBuildPhase section */

/* Begin PBXTargetDependency section */
		EE35F9D623F1985800F63697 /* PBXTargetDependency */ = {
			isa = PBXTargetDependency;
			target = EE35F9BA23F1978700F63697 /* BrainKit */;
			targetProxy = EE35F9D523F1985800F63697 /* PBXContainerItemProxy */;
		};
/* End PBXTargetDependency section */

/* Begin XCBuildConfiguration section */
		EE35F9C123F1978700F63697 /* Debug */ = {
			isa = XCBuildConfiguration;
			buildSettings = {
				ALWAYS_SEARCH_USER_PATHS = NO;
				CLANG_ANALYZER_NONNULL = YES;
				CLANG_ANALYZER_NUMBER_OBJECT_CONVERSION = YES_AGGRESSIVE;
				CLANG_CXX_LANGUAGE_STANDARD = "gnu++14";
				CLANG_CXX_LIBRARY = "libc++";
				CLANG_ENABLE_MODULES = YES;
				CLANG_ENABLE_OBJC_ARC = YES;
				CLANG_ENABLE_OBJC_WEAK = YES;
				CLANG_WARN_BLOCK_CAPTURE_AUTORELEASING = YES;
				CLANG_WARN_BOOL_CONVERSION = YES;
				CLANG_WARN_COMMA = YES;
				CLANG_WARN_CONSTANT_CONVERSION = YES;
				CLANG_WARN_DEPRECATED_OBJC_IMPLEMENTATIONS = YES;
				CLANG_WARN_DIRECT_OBJC_ISA_USAGE = YES_ERROR;
				CLANG_WARN_DOCUMENTATION_COMMENTS = YES;
				CLANG_WARN_EMPTY_BODY = YES;
				CLANG_WARN_ENUM_CONVERSION = YES;
				CLANG_WARN_INFINITE_RECURSION = YES;
				CLANG_WARN_INT_CONVERSION = YES;
				CLANG_WARN_NON_LITERAL_NULL_CONVERSION = YES;
				CLANG_WARN_OBJC_IMPLICIT_RETAIN_SELF = YES;
				CLANG_WARN_OBJC_LITERAL_CONVERSION = YES;
				CLANG_WARN_OBJC_ROOT_CLASS = YES_ERROR;
				CLANG_WARN_RANGE_LOOP_ANALYSIS = YES;
				CLANG_WARN_STRICT_PROTOTYPES = YES;
				CLANG_WARN_SUSPICIOUS_MOVE = YES;
				CLANG_WARN_UNGUARDED_AVAILABILITY = YES_AGGRESSIVE;
				CLANG_WARN_UNREACHABLE_CODE = YES;
				CLANG_WARN__DUPLICATE_METHOD_MATCH = YES;
				COPY_PHASE_STRIP = NO;
				CURRENT_PROJECT_VERSION = 1;
				DEBUG_INFORMATION_FORMAT = dwarf;
				ENABLE_STRICT_OBJC_MSGSEND = YES;
				ENABLE_TESTABILITY = YES;
				GCC_C_LANGUAGE_STANDARD = gnu11;
				GCC_DYNAMIC_NO_PIC = NO;
				GCC_NO_COMMON_BLOCKS = YES;
				GCC_OPTIMIZATION_LEVEL = 0;
				GCC_PREPROCESSOR_DEFINITIONS = (
					"DEBUG=1",
					"$(inherited)",
				);
				GCC_WARN_64_TO_32_BIT_CONVERSION = YES;
				GCC_WARN_ABOUT_RETURN_TYPE = YES_ERROR;
				GCC_WARN_UNDECLARED_SELECTOR = YES;
				GCC_WARN_UNINITIALIZED_AUTOS = YES_AGGRESSIVE;
				GCC_WARN_UNUSED_FUNCTION = YES;
				GCC_WARN_UNUSED_VARIABLE = YES;
				IPHONEOS_DEPLOYMENT_TARGET = 11.0;
				MTL_ENABLE_DEBUG_INFO = INCLUDE_SOURCE;
				MTL_FAST_MATH = YES;
				ONLY_ACTIVE_ARCH = YES;
				SDKROOT = iphoneos;
				SWIFT_ACTIVE_COMPILATION_CONDITIONS = DEBUG;
				SWIFT_OPTIMIZATION_LEVEL = "-Onone";
				VERSIONING_SYSTEM = "apple-generic";
				VERSION_INFO_PREFIX = "";
			};
			name = Debug;
		};
		EE35F9C223F1978700F63697 /* Release */ = {
			isa = XCBuildConfiguration;
			buildSettings = {
				ALWAYS_SEARCH_USER_PATHS = NO;
				CLANG_ANALYZER_NONNULL = YES;
				CLANG_ANALYZER_NUMBER_OBJECT_CONVERSION = YES_AGGRESSIVE;
				CLANG_CXX_LANGUAGE_STANDARD = "gnu++14";
				CLANG_CXX_LIBRARY = "libc++";
				CLANG_ENABLE_MODULES = YES;
				CLANG_ENABLE_OBJC_ARC = YES;
				CLANG_ENABLE_OBJC_WEAK = YES;
				CLANG_WARN_BLOCK_CAPTURE_AUTORELEASING = YES;
				CLANG_WARN_BOOL_CONVERSION = YES;
				CLANG_WARN_COMMA = YES;
				CLANG_WARN_CONSTANT_CONVERSION = YES;
				CLANG_WARN_DEPRECATED_OBJC_IMPLEMENTATIONS = YES;
				CLANG_WARN_DIRECT_OBJC_ISA_USAGE = YES_ERROR;
				CLANG_WARN_DOCUMENTATION_COMMENTS = YES;
				CLANG_WARN_EMPTY_BODY = YES;
				CLANG_WARN_ENUM_CONVERSION = YES;
				CLANG_WARN_INFINITE_RECURSION = YES;
				CLANG_WARN_INT_CONVERSION = YES;
				CLANG_WARN_NON_LITERAL_NULL_CONVERSION = YES;
				CLANG_WARN_OBJC_IMPLICIT_RETAIN_SELF = YES;
				CLANG_WARN_OBJC_LITERAL_CONVERSION = YES;
				CLANG_WARN_OBJC_ROOT_CLASS = YES_ERROR;
				CLANG_WARN_RANGE_LOOP_ANALYSIS = YES;
				CLANG_WARN_STRICT_PROTOTYPES = YES;
				CLANG_WARN_SUSPICIOUS_MOVE = YES;
				CLANG_WARN_UNGUARDED_AVAILABILITY = YES_AGGRESSIVE;
				CLANG_WARN_UNREACHABLE_CODE = YES;
				CLANG_WARN__DUPLICATE_METHOD_MATCH = YES;
				COPY_PHASE_STRIP = NO;
				CURRENT_PROJECT_VERSION = 1;
				DEBUG_INFORMATION_FORMAT = "dwarf-with-dsym";
				ENABLE_NS_ASSERTIONS = NO;
				ENABLE_STRICT_OBJC_MSGSEND = YES;
				GCC_C_LANGUAGE_STANDARD = gnu11;
				GCC_NO_COMMON_BLOCKS = YES;
				GCC_WARN_64_TO_32_BIT_CONVERSION = YES;
				GCC_WARN_ABOUT_RETURN_TYPE = YES_ERROR;
				GCC_WARN_UNDECLARED_SELECTOR = YES;
				GCC_WARN_UNINITIALIZED_AUTOS = YES_AGGRESSIVE;
				GCC_WARN_UNUSED_FUNCTION = YES;
				GCC_WARN_UNUSED_VARIABLE = YES;
				IPHONEOS_DEPLOYMENT_TARGET = 11.0;
				MTL_ENABLE_DEBUG_INFO = NO;
				MTL_FAST_MATH = YES;
				SDKROOT = iphoneos;
				SWIFT_COMPILATION_MODE = wholemodule;
				SWIFT_OPTIMIZATION_LEVEL = "-O";
				VALIDATE_PRODUCT = YES;
				VERSIONING_SYSTEM = "apple-generic";
				VERSION_INFO_PREFIX = "";
			};
			name = Release;
		};
		EE35F9C423F1978700F63697 /* Debug */ = {
			isa = XCBuildConfiguration;
			baseConfigurationReference = BF59B91606D1C562F3848BAA /* Pods-BrainKit.debug.xcconfig */;
			buildSettings = {
				CLANG_ENABLE_MODULES = YES;
				CODE_SIGN_STYLE = Automatic;
				DEFINES_MODULE = YES;
				DYLIB_COMPATIBILITY_VERSION = 1;
				DYLIB_CURRENT_VERSION = 1;
				DYLIB_INSTALL_NAME_BASE = "@rpath";
				INFOPLIST_FILE = "$(SRCROOT)/Support/Info.plist";
				INSTALL_PATH = "$(LOCAL_LIBRARY_DIR)/Frameworks";
				IPHONEOS_DEPLOYMENT_TARGET = 11.0;
				LD_RUNPATH_SEARCH_PATHS = (
					"$(inherited)",
					"@executable_path/Frameworks",
					"@loader_path/Frameworks",
				);
				PRODUCT_BUNDLE_IDENTIFIER = co.userbrain.BrainKit;
				PRODUCT_NAME = "$(TARGET_NAME:c99extidentifier)";
				SKIP_INSTALL = YES;
				SWIFT_OPTIMIZATION_LEVEL = "-Onone";
				SWIFT_VERSION = 5.0;
				TARGETED_DEVICE_FAMILY = "1,2";
			};
			name = Debug;
		};
		EE35F9C523F1978700F63697 /* Release */ = {
			isa = XCBuildConfiguration;
			baseConfigurationReference = 6AE3150D427AF57E61C09FA0 /* Pods-BrainKit.release.xcconfig */;
			buildSettings = {
				CLANG_ENABLE_MODULES = YES;
				CODE_SIGN_STYLE = Automatic;
				DEFINES_MODULE = YES;
				DYLIB_COMPATIBILITY_VERSION = 1;
				DYLIB_CURRENT_VERSION = 1;
				DYLIB_INSTALL_NAME_BASE = "@rpath";
				INFOPLIST_FILE = "$(SRCROOT)/Support/Info.plist";
				INSTALL_PATH = "$(LOCAL_LIBRARY_DIR)/Frameworks";
				IPHONEOS_DEPLOYMENT_TARGET = 11.0;
				LD_RUNPATH_SEARCH_PATHS = (
					"$(inherited)",
					"@executable_path/Frameworks",
					"@loader_path/Frameworks",
				);
				PRODUCT_BUNDLE_IDENTIFIER = co.userbrain.BrainKit;
				PRODUCT_NAME = "$(TARGET_NAME:c99extidentifier)";
				SKIP_INSTALL = YES;
				SWIFT_VERSION = 5.0;
				TARGETED_DEVICE_FAMILY = "1,2";
			};
			name = Release;
		};
		EE35F9D823F1985800F63697 /* Debug */ = {
			isa = XCBuildConfiguration;
			baseConfigurationReference = B3EE8B64D519164C09623735 /* Pods-UnitTests.debug.xcconfig */;
			buildSettings = {
				CLANG_ENABLE_MODULES = YES;
				CODE_SIGN_STYLE = Automatic;
				INFOPLIST_FILE = UnitTests/Info.plist;
				IPHONEOS_DEPLOYMENT_TARGET = 13.2;
				LD_RUNPATH_SEARCH_PATHS = (
					"$(inherited)",
					"@executable_path/Frameworks",
					"@loader_path/Frameworks",
				);
				PRODUCT_BUNDLE_IDENTIFIER = co.userbrain.UnitTests;
				PRODUCT_NAME = "$(TARGET_NAME)";
				SWIFT_OPTIMIZATION_LEVEL = "-Onone";
				SWIFT_VERSION = 5.0;
				TARGETED_DEVICE_FAMILY = "1,2";
			};
			name = Debug;
		};
		EE35F9D923F1985800F63697 /* Release */ = {
			isa = XCBuildConfiguration;
			baseConfigurationReference = 2E6E47E60C56F8BA46285F8F /* Pods-UnitTests.release.xcconfig */;
			buildSettings = {
				CLANG_ENABLE_MODULES = YES;
				CODE_SIGN_STYLE = Automatic;
				INFOPLIST_FILE = UnitTests/Info.plist;
				IPHONEOS_DEPLOYMENT_TARGET = 13.2;
				LD_RUNPATH_SEARCH_PATHS = (
					"$(inherited)",
					"@executable_path/Frameworks",
					"@loader_path/Frameworks",
				);
				PRODUCT_BUNDLE_IDENTIFIER = co.userbrain.UnitTests;
				PRODUCT_NAME = "$(TARGET_NAME)";
				SWIFT_VERSION = 5.0;
				TARGETED_DEVICE_FAMILY = "1,2";
			};
			name = Release;
		};
/* End XCBuildConfiguration section */

/* Begin XCConfigurationList section */
		EE35F9B523F1978700F63697 /* Build configuration list for PBXProject "BrainKit" */ = {
			isa = XCConfigurationList;
			buildConfigurations = (
				EE35F9C123F1978700F63697 /* Debug */,
				EE35F9C223F1978700F63697 /* Release */,
			);
			defaultConfigurationIsVisible = 0;
			defaultConfigurationName = Release;
		};
		EE35F9C323F1978700F63697 /* Build configuration list for PBXNativeTarget "BrainKit" */ = {
			isa = XCConfigurationList;
			buildConfigurations = (
				EE35F9C423F1978700F63697 /* Debug */,
				EE35F9C523F1978700F63697 /* Release */,
			);
			defaultConfigurationIsVisible = 0;
			defaultConfigurationName = Release;
		};
		EE35F9D723F1985800F63697 /* Build configuration list for PBXNativeTarget "UnitTests" */ = {
			isa = XCConfigurationList;
			buildConfigurations = (
				EE35F9D823F1985800F63697 /* Debug */,
				EE35F9D923F1985800F63697 /* Release */,
			);
			defaultConfigurationIsVisible = 0;
			defaultConfigurationName = Release;
		};
/* End XCConfigurationList section */

/* Begin XCVersionGroup section */
		EE39CEE526C11F4E0018C39D /* Testing.xcdatamodeld */ = {
			isa = XCVersionGroup;
			children = (
				EE39CEE626C11F4E0018C39D /* Testing.xcdatamodel */,
			);
			currentVersion = EE39CEE626C11F4E0018C39D /* Testing.xcdatamodel */;
			path = Testing.xcdatamodeld;
			sourceTree = "<group>";
			versionGroupType = wrapper.xcdatamodel;
		};
/* End XCVersionGroup section */
	};
	rootObject = EE35F9B223F1978700F63697 /* Project object */;
}
